
Microsoft Visual Studio Solution File, Format Version 12.00
# Visual Studio Version 17
VisualStudioVersion = 17.0.31903.59
MinimumVisualStudioVersion = 10.0.40219.1
Project("{2150E333-8FDC-42A3-9474-1A3956D46DE8}") = "src", "src", "{827E0CD3-B72D-47B6-A68D-7590B98EB39B}"
EndProject
Project("{FAE04EC0-301F-11D3-BF4B-00C04F79EFBC}") = "Vigie.Domain", "src\Vigie.Domain\Vigie.Domain.csproj", "{57645972-3E6F-4BAC-96AE-888A7C9DF127}"
EndProject
Project("{FAE04EC0-301F-11D3-BF4B-00C04F79EFBC}") = "Vigie.Application", "src\Vigie.Application\Vigie.Application.csproj", "{61718BDF-D020-4CF8-AEE5-2FA45F3537EE}"
EndProject
Project("{FAE04EC0-301F-11D3-BF4B-00C04F79EFBC}") = "Vigie.Infrastructure", "src\Vigie.Infrastructure\Vigie.Infrastructure.csproj", "{F644E81F-FA43-4ECC-B79B-0E7AB46291FF}"
EndProject
Project("{FAE04EC0-301F-11D3-BF4B-00C04F79EFBC}") = "Vigie.Api", "src\Vigie.Api\Vigie.Api.csproj", "{DA3E88DB-3E3E-41B7-B1B2-D1555CCF3158}"
EndProject
Project("{FAE04EC0-301F-11D3-BF4B-00C04F79EFBC}") = "Vigie.Domain.Tests", "tests\Vigie.Domain.Tests\Vigie.Domain.Tests.csproj", "{EC492664-E025-4DB9-9C34-733DBEAC4EE0}"
EndProject
Project("{2150E333-8FDC-42A3-9474-1A3956D46DE8}") = "tests", "tests", "{0AB3BF05-4346-4AA6-1389-037BE0695223}"
EndProject
Project("{FAE04EC0-301F-11D3-BF4B-00C04F79EFBC}") = "Vigie.Api.IntegrationTests", "tests\Vigie.Api.IntegrationTests\Vigie.Api.IntegrationTests.csproj", "{3E9588AF-382E-4C46-BF33-A06F59782E7F}"
EndProject
Global
	GlobalSection(SolutionConfigurationPlatforms) = preSolution
		Debug|Any CPU = Debug|Any CPU
		Debug|x64 = Debug|x64
		Debug|x86 = Debug|x86
		Release|Any CPU = Release|Any CPU
		Release|x64 = Release|x64
		Release|x86 = Release|x86
	EndGlobalSection
	GlobalSection(ProjectConfigurationPlatforms) = postSolution
		{57645972-3E6F-4BAC-96AE-888A7C9DF127}.Debug|Any CPU.ActiveCfg = Debug|Any CPU
		{57645972-3E6F-4BAC-96AE-888A7C9DF127}.Debug|Any CPU.Build.0 = Debug|Any CPU
		{57645972-3E6F-4BAC-96AE-888A7C9DF127}.Debug|x64.ActiveCfg = Debug|Any CPU
		{57645972-3E6F-4BAC-96AE-888A7C9DF127}.Debug|x64.Build.0 = Debug|Any CPU
		{57645972-3E6F-4BAC-96AE-888A7C9DF127}.Debug|x86.ActiveCfg = Debug|Any CPU
		{57645972-3E6F-4BAC-96AE-888A7C9DF127}.Debug|x86.Build.0 = Debug|Any CPU
		{57645972-3E6F-4BAC-96AE-888A7C9DF127}.Release|Any CPU.ActiveCfg = Release|Any CPU
		{57645972-3E6F-4BAC-96AE-888A7C9DF127}.Release|Any CPU.Build.0 = Release|Any CPU
		{57645972-3E6F-4BAC-96AE-888A7C9DF127}.Release|x64.ActiveCfg = Release|Any CPU
		{57645972-3E6F-4BAC-96AE-888A7C9DF127}.Release|x64.Build.0 = Release|Any CPU
		{57645972-3E6F-4BAC-96AE-888A7C9DF127}.Release|x86.ActiveCfg = Release|Any CPU
		{57645972-3E6F-4BAC-96AE-888A7C9DF127}.Release|x86.Build.0 = Release|Any CPU
		{61718BDF-D020-4CF8-AEE5-2FA45F3537EE}.Debug|Any CPU.ActiveCfg = Debug|Any CPU
		{61718BDF-D020-4CF8-AEE5-2FA45F3537EE}.Debug|Any CPU.Build.0 = Debug|Any CPU
		{61718BDF-D020-4CF8-AEE5-2FA45F3537EE}.Debug|x64.ActiveCfg = Debug|Any CPU
		{61718BDF-D020-4CF8-AEE5-2FA45F3537EE}.Debug|x64.Build.0 = Debug|Any CPU
		{61718BDF-D020-4CF8-AEE5-2FA45F3537EE}.Debug|x86.ActiveCfg = Debug|Any CPU
		{61718BDF-D020-4CF8-AEE5-2FA45F3537EE}.Debug|x86.Build.0 = Debug|Any CPU
		{61718BDF-D020-4CF8-AEE5-2FA45F3537EE}.Release|Any CPU.ActiveCfg = Release|Any CPU
		{61718BDF-D020-4CF8-AEE5-2FA45F3537EE}.Release|Any CPU.Build.0 = Release|Any CPU
		{61718BDF-D020-4CF8-AEE5-2FA45F3537EE}.Release|x64.ActiveCfg = Release|Any CPU
		{61718BDF-D020-4CF8-AEE5-2FA45F3537EE}.Release|x64.Build.0 = Release|Any CPU
		{61718BDF-D020-4CF8-AEE5-2FA45F3537EE}.Release|x86.ActiveCfg = Release|Any CPU
		{61718BDF-D020-4CF8-AEE5-2FA45F3537EE}.Release|x86.Build.0 = Release|Any CPU
		{F644E81F-FA43-4ECC-B79B-0E7AB46291FF}.Debug|Any CPU.ActiveCfg = Debug|Any CPU
		{F644E81F-FA43-4ECC-B79B-0E7AB46291FF}.Debug|Any CPU.Build.0 = Debug|Any CPU
		{F644E81F-FA43-4ECC-B79B-0E7AB46291FF}.Debug|x64.ActiveCfg = Debug|Any CPU
		{F644E81F-FA43-4ECC-B79B-0E7AB46291FF}.Debug|x64.Build.0 = Debug|Any CPU
		{F644E81F-FA43-4ECC-B79B-0E7AB46291FF}.Debug|x86.ActiveCfg = Debug|Any CPU
		{F644E81F-FA43-4ECC-B79B-0E7AB46291FF}.Debug|x86.Build.0 = Debug|Any CPU
		{F644E81F-FA43-4ECC-B79B-0E7AB46291FF}.Release|Any CPU.ActiveCfg = Release|Any CPU
		{F644E81F-FA43-4ECC-B79B-0E7AB46291FF}.Release|Any CPU.Build.0 = Release|Any CPU
		{F644E81F-FA43-4ECC-B79B-0E7AB46291FF}.Release|x64.ActiveCfg = Release|Any CPU
		{F644E81F-FA43-4ECC-B79B-0E7AB46291FF}.Release|x64.Build.0 = Release|Any CPU
		{F644E81F-FA43-4ECC-B79B-0E7AB46291FF}.Release|x86.ActiveCfg = Release|Any CPU
		{F644E81F-FA43-4ECC-B79B-0E7AB46291FF}.Release|x86.Build.0 = Release|Any CPU
		{DA3E88DB-3E3E-41B7-B1B2-D1555CCF3158}.Debug|Any CPU.ActiveCfg = Debug|Any CPU
		{DA3E88DB-3E3E-41B7-B1B2-D1555CCF3158}.Debug|Any CPU.Build.0 = Debug|Any CPU
		{DA3E88DB-3E3E-41B7-B1B2-D1555CCF3158}.Debug|x64.ActiveCfg = Debug|Any CPU
		{DA3E88DB-3E3E-41B7-B1B2-D1555CCF3158}.Debug|x64.Build.0 = Debug|Any CPU
		{DA3E88DB-3E3E-41B7-B1B2-D1555CCF3158}.Debug|x86.ActiveCfg = Debug|Any CPU
		{DA3E88DB-3E3E-41B7-B1B2-D1555CCF3158}.Debug|x86.Build.0 = Debug|Any CPU
		{DA3E88DB-3E3E-41B7-B1B2-D1555CCF3158}.Release|Any CPU.ActiveCfg = Release|Any CPU
		{DA3E88DB-3E3E-41B7-B1B2-D1555CCF3158}.Release|Any CPU.Build.0 = Release|Any CPU
		{DA3E88DB-3E3E-41B7-B1B2-D1555CCF3158}.Release|x64.ActiveCfg = Release|Any CPU
		{DA3E88DB-3E3E-41B7-B1B2-D1555CCF3158}.Release|x64.Build.0 = Release|Any CPU
		{DA3E88DB-3E3E-41B7-B1B2-D1555CCF3158}.Release|x86.ActiveCfg = Release|Any CPU
		{DA3E88DB-3E3E-41B7-B1B2-D1555CCF3158}.Release|x86.Build.0 = Release|Any CPU
		{EC492664-E025-4DB9-9C34-733DBEAC4EE0}.Debug|Any CPU.ActiveCfg = Debug|Any CPU
		{EC492664-E025-4DB9-9C34-733DBEAC4EE0}.Debug|Any CPU.Build.0 = Debug|Any CPU
		{EC492664-E025-4DB9-9C34-733DBEAC4EE0}.Debug|x64.ActiveCfg = Debug|Any CPU
		{EC492664-E025-4DB9-9C34-733DBEAC4EE0}.Debug|x64.Build.0 = Debug|Any CPU
		{EC492664-E025-4DB9-9C34-733DBEAC4EE0}.Debug|x86.ActiveCfg = Debug|Any CPU
		{EC492664-E025-4DB9-9C34-733DBEAC4EE0}.Debug|x86.Build.0 = Debug|Any CPU
		{EC492664-E025-4DB9-9C34-733DBEAC4EE0}.Release|Any CPU.ActiveCfg = Release|Any CPU
		{EC492664-E025-4DB9-9C34-733DBEAC4EE0}.Release|Any CPU.Build.0 = Release|Any CPU
		{EC492664-E025-4DB9-9C34-733DBEAC4EE0}.Release|x64.ActiveCfg = Release|Any CPU
		{EC492664-E025-4DB9-9C34-733DBEAC4EE0}.Release|x64.Build.0 = Release|Any CPU
		{EC492664-E025-4DB9-9C34-733DBEAC4EE0}.Release|x86.ActiveCfg = Release|Any CPU
		{EC492664-E025-4DB9-9C34-733DBEAC4EE0}.Release|x86.Build.0 = Release|Any CPU
		{3E9588AF-382E-4C46-BF33-A06F59782E7F}.Debug|Any CPU.ActiveCfg = Debug|Any CPU
		{3E9588AF-382E-4C46-BF33-A06F59782E7F}.Debug|Any CPU.Build.0 = Debug|Any CPU
		{3E9588AF-382E-4C46-BF33-A06F59782E7F}.Debug|x64.ActiveCfg = Debug|Any CPU
		{3E9588AF-382E-4C46-BF33-A06F59782E7F}.Debug|x64.Build.0 = Debug|Any CPU
		{3E9588AF-382E-4C46-BF33-A06F59782E7F}.Debug|x86.ActiveCfg = Debug|Any CPU
		{3E9588AF-382E-4C46-BF33-A06F59782E7F}.Debug|x86.Build.0 = Debug|Any CPU
		{3E9588AF-382E-4C46-BF33-A06F59782E7F}.Release|Any CPU.ActiveCfg = Release|Any CPU
		{3E9588AF-382E-4C46-BF33-A06F59782E7F}.Release|Any CPU.Build.0 = Release|Any CPU
		{3E9588AF-382E-4C46-BF33-A06F59782E7F}.Release|x64.ActiveCfg = Release|Any CPU
		{3E9588AF-382E-4C46-BF33-A06F59782E7F}.Release|x64.Build.0 = Release|Any CPU
		{3E9588AF-382E-4C46-BF33-A06F59782E7F}.Release|x86.ActiveCfg = Release|Any CPU
		{3E9588AF-382E-4C46-BF33-A06F59782E7F}.Release|x86.Build.0 = Release|Any CPU
	EndGlobalSection
	GlobalSection(SolutionProperties) = preSolution
		HideSolutionNode = FALSE
	EndGlobalSection
	GlobalSection(NestedProjects) = preSolution
		{57645972-3E6F-4BAC-96AE-888A7C9DF127} = {827E0CD3-B72D-47B6-A68D-7590B98EB39B}
		{61718BDF-D020-4CF8-AEE5-2FA45F3537EE} = {827E0CD3-B72D-47B6-A68D-7590B98EB39B}
		{F644E81F-FA43-4ECC-B79B-0E7AB46291FF} = {827E0CD3-B72D-47B6-A68D-7590B98EB39B}
		{DA3E88DB-3E3E-41B7-B1B2-D1555CCF3158} = {827E0CD3-B72D-47B6-A68D-7590B98EB39B}
		{EC492664-E025-4DB9-9C34-733DBEAC4EE0} = {827E0CD3-B72D-47B6-A68D-7590B98EB39B}
		{3E9588AF-382E-4C46-BF33-A06F59782E7F} = {0AB3BF05-4346-4AA6-1389-037BE0695223}
	EndGlobalSection
EndGlobal
